<?xml version="1.0" encoding="utf-8"?>
<Project ToolsVersion="4.0" xmlns="http://schemas.microsoft.com/developer/msbuild/2003">
  <ItemGroup>
    <ClCompile Include="src\Data.cpp">
      <Filter>src</Filter>
    </ClCompile>
    <ClCompile Include="src\DataManager.cpp">
      <Filter>src</Filter>
    </ClCompile>
    <ClCompile Include="src\DataRecord.cpp">
      <Filter>src</Filter>
    </ClCompile>
    <ClCompile Include="src\Preprocess.cpp">
      <Filter>src</Filter>
    </ClCompile>
    <ClCompile Include="src\QueData.cpp">
      <Filter>src</Filter>
    </ClCompile>
  </ItemGroup>
  <ItemGroup>
    <ClInclude Include="src\QueData.h">
      <Filter>src</Filter>
    </ClInclude>
    <ClInclude Include="src\Data.h">
      <Filter>src</Filter>
    </ClInclude>
    <ClInclude Include="src\DataManager.h">
      <Filter>src</Filter>
    </ClInclude>
    <ClInclude Include="src\DataRecord.h">
      <Filter>src</Filter>
    </ClInclude>
    <ClInclude Include="src\Preprocess.h">
      <Filter>src</Filter>
    </ClInclude>
  </ItemGroup>
  <ItemGroup>
    <Filter Include="src">
      <UniqueIdentifier>{8a94012c-f87d-4a49-a965-2f17ea82722d}</UniqueIdentifier>
    </Filter>
  </ItemGroup>
</Project>